
Microsoft Visual Studio Solution File, Format Version 12.00
# Visual Studio Version 16
VisualStudioVersion = 16.0.29209.62
MinimumVisualStudioVersion = 10.0.40219.1
Project("{FAE04EC0-301F-11D3-BF4B-00C04F79EFBC}") = "Trinks_Coordenadas", "Trinks_Coordenadas\Trinks_Coordenadas.csproj", "{2238FE79-3DBE-4D5F-B37C-A856A83D5264}"
EndProject
Project("{FAE04EC0-301F-11D3-BF4B-00C04F79EFBC}") = "Trinks_Coordenadas_Tests", "Trinks_Coordenadas_Tests\Trinks_Coordenadas_Tests.csproj", "{25EB41BE-FBF2-4E60-BEDC-168E839DB4F6}"
EndProject
Global
	GlobalSection(SolutionConfigurationPlatforms) = preSolution
		Debug|Any CPU = Debug|Any CPU
		Release|Any CPU = Release|Any CPU
	EndGlobalSection
	GlobalSection(ProjectConfigurationPlatforms) = postSolution
		{2238FE79-3DBE-4D5F-B37C-A856A83D5264}.Debug|Any CPU.ActiveCfg = Debug|Any CPU
		{2238FE79-3DBE-4D5F-B37C-A856A83D5264}.Debug|Any CPU.Build.0 = Debug|Any CPU
		{2238FE79-3DBE-4D5F-B37C-A856A83D5264}.Release|Any CPU.ActiveCfg = Release|Any CPU
		{2238FE79-3DBE-4D5F-B37C-A856A83D5264}.Release|Any CPU.Build.0 = Release|Any CPU
		{25EB41BE-FBF2-4E60-BEDC-168E839DB4F6}.Debug|Any CPU.ActiveCfg = Debug|Any CPU
		{25EB41BE-FBF2-4E60-BEDC-168E839DB4F6}.Debug|Any CPU.Build.0 = Debug|Any CPU
		{25EB41BE-FBF2-4E60-BEDC-168E839DB4F6}.Release|Any CPU.ActiveCfg = Release|Any CPU
		{25EB41BE-FBF2-4E60-BEDC-168E839DB4F6}.Release|Any CPU.Build.0 = Release|Any CPU
	EndGlobalSection
	GlobalSection(SolutionProperties) = preSolution
		HideSolutionNode = FALSE
	EndGlobalSection
	GlobalSection(ExtensibilityGlobals) = postSolution
		SolutionGuid = {3264B3DB-8541-4566-AD9A-C9D634DE77F9}
	EndGlobalSection
EndGlobal
